
Microsoft Visual Studio Solution File, Format Version 12.00
# Visual Studio 15
VisualStudioVersion = 15.0.27703.2026
MinimumVisualStudioVersion = 10.0.40219.1
Project("{FAE04EC0-301F-11D3-BF4B-00C04F79EFBC}") = "13.ComboBox", "13.ComboBox\13.ComboBox.csproj", "{DCD78FD8-9533-4BB6-9FBB-798AE6FEC601}"
EndProject
Global
	GlobalSection(SolutionConfigurationPlatforms) = preSolution
		Debug|Any CPU = Debug|Any CPU
		Release|Any CPU = Release|Any CPU
	EndGlobalSection
	GlobalSection(ProjectConfigurationPlatforms) = postSolution
		{DCD78FD8-9533-4BB6-9FBB-798AE6FEC601}.Debug|Any CPU.ActiveCfg = Debug|Any CPU
		{DCD78FD8-9533-4BB6-9FBB-798AE6FEC601}.Debug|Any CPU.Build.0 = Debug|Any CPU
		{DCD78FD8-9533-4BB6-9FBB-798AE6FEC601}.Release|Any CPU.ActiveCfg = Release|Any CPU
		{DCD78FD8-9533-4BB6-9FBB-798AE6FEC601}.Release|Any CPU.Build.0 = Release|Any CPU
	EndGlobalSection
	GlobalSection(SolutionProperties) = preSolution
		HideSolutionNode = FALSE
	EndGlobalSection
	GlobalSection(ExtensibilityGlobals) = postSolution
		SolutionGuid = {12D80C0C-47FC-47F2-ABC6-C94DFCC4F9AA}
	EndGlobalSection
EndGlobal
