
Microsoft Visual Studio Solution File, Format Version 12.00
# Visual Studio 15
VisualStudioVersion = 15.0.27703.2026
MinimumVisualStudioVersion = 10.0.40219.1
Project("{FAE04EC0-301F-11D3-BF4B-00C04F79EFBC}") = "05.WrapPanel", "05.WrapPanel\05.WrapPanel.csproj", "{FA23681F-0E19-4E1D-A3CE-515E23B91064}"
EndProject
Global
	GlobalSection(SolutionConfigurationPlatforms) = preSolution
		Debug|Any CPU = Debug|Any CPU
		Release|Any CPU = Release|Any CPU
	EndGlobalSection
	GlobalSection(ProjectConfigurationPlatforms) = postSolution
		{FA23681F-0E19-4E1D-A3CE-515E23B91064}.Debug|Any CPU.ActiveCfg = Debug|Any CPU
		{FA23681F-0E19-4E1D-A3CE-515E23B91064}.Debug|Any CPU.Build.0 = Debug|Any CPU
		{FA23681F-0E19-4E1D-A3CE-515E23B91064}.Release|Any CPU.ActiveCfg = Release|Any CPU
		{FA23681F-0E19-4E1D-A3CE-515E23B91064}.Release|Any CPU.Build.0 = Release|Any CPU
	EndGlobalSection
	GlobalSection(SolutionProperties) = preSolution
		HideSolutionNode = FALSE
	EndGlobalSection
	GlobalSection(ExtensibilityGlobals) = postSolution
		SolutionGuid = {8D0FD35C-8798-46AB-8E20-8D2B52F48024}
	EndGlobalSection
EndGlobal
