
Microsoft Visual Studio Solution File, Format Version 12.00
# Visual Studio 15
VisualStudioVersion = 15.0.27703.2026
MinimumVisualStudioVersion = 10.0.40219.1
Project("{FAE04EC0-301F-11D3-BF4B-00C04F79EFBC}") = "10.Image", "10.Image\10.Image.csproj", "{3A83F48F-A8B8-49A8-8734-E1984545409D}"
EndProject
Global
	GlobalSection(SolutionConfigurationPlatforms) = preSolution
		Debug|Any CPU = Debug|Any CPU
		Release|Any CPU = Release|Any CPU
	EndGlobalSection
	GlobalSection(ProjectConfigurationPlatforms) = postSolution
		{3A83F48F-A8B8-49A8-8734-E1984545409D}.Debug|Any CPU.ActiveCfg = Debug|Any CPU
		{3A83F48F-A8B8-49A8-8734-E1984545409D}.Debug|Any CPU.Build.0 = Debug|Any CPU
		{3A83F48F-A8B8-49A8-8734-E1984545409D}.Release|Any CPU.ActiveCfg = Release|Any CPU
		{3A83F48F-A8B8-49A8-8734-E1984545409D}.Release|Any CPU.Build.0 = Release|Any CPU
	EndGlobalSection
	GlobalSection(SolutionProperties) = preSolution
		HideSolutionNode = FALSE
	EndGlobalSection
	GlobalSection(ExtensibilityGlobals) = postSolution
		SolutionGuid = {BC92DD6F-EEB6-417D-875E-B2B025469B98}
	EndGlobalSection
EndGlobal
