
Microsoft Visual Studio Solution File, Format Version 12.00
# Visual Studio 15
VisualStudioVersion = 15.0.27703.2047
MinimumVisualStudioVersion = 10.0.40219.1
Project("{FAE04EC0-301F-11D3-BF4B-00C04F79EFBC}") = "15.ListView", "15.ListView\15.ListView.csproj", "{EB46EE08-4DE1-4633-BF3C-D400C835CF61}"
EndProject
Project("{FAE04EC0-301F-11D3-BF4B-00C04F79EFBC}") = "15.ListView-GridView", "15.ListView-GridView\15.ListView-GridView.csproj", "{72200DC7-DA65-4199-ADD8-6DFCA32C9EF2}"
EndProject
Global
	GlobalSection(SolutionConfigurationPlatforms) = preSolution
		Debug|Any CPU = Debug|Any CPU
		Release|Any CPU = Release|Any CPU
	EndGlobalSection
	GlobalSection(ProjectConfigurationPlatforms) = postSolution
		{EB46EE08-4DE1-4633-BF3C-D400C835CF61}.Debug|Any CPU.ActiveCfg = Debug|Any CPU
		{EB46EE08-4DE1-4633-BF3C-D400C835CF61}.Debug|Any CPU.Build.0 = Debug|Any CPU
		{EB46EE08-4DE1-4633-BF3C-D400C835CF61}.Release|Any CPU.ActiveCfg = Release|Any CPU
		{EB46EE08-4DE1-4633-BF3C-D400C835CF61}.Release|Any CPU.Build.0 = Release|Any CPU
		{72200DC7-DA65-4199-ADD8-6DFCA32C9EF2}.Debug|Any CPU.ActiveCfg = Debug|Any CPU
		{72200DC7-DA65-4199-ADD8-6DFCA32C9EF2}.Debug|Any CPU.Build.0 = Debug|Any CPU
		{72200DC7-DA65-4199-ADD8-6DFCA32C9EF2}.Release|Any CPU.ActiveCfg = Release|Any CPU
		{72200DC7-DA65-4199-ADD8-6DFCA32C9EF2}.Release|Any CPU.Build.0 = Release|Any CPU
	EndGlobalSection
	GlobalSection(SolutionProperties) = preSolution
		HideSolutionNode = FALSE
	EndGlobalSection
	GlobalSection(ExtensibilityGlobals) = postSolution
		SolutionGuid = {46D84734-9C0D-4CBE-B051-CB4ACB0DE214}
	EndGlobalSection
EndGlobal
