
Microsoft Visual Studio Solution File, Format Version 12.00
# Visual Studio 15
VisualStudioVersion = 15.0.27703.2047
MinimumVisualStudioVersion = 10.0.40219.1
Project("{FAE04EC0-301F-11D3-BF4B-00C04F79EFBC}") = "18.Command", "18.Command\18.Command.csproj", "{FC608910-79E5-4075-8873-C0D23F37148C}"
EndProject
Global
	GlobalSection(SolutionConfigurationPlatforms) = preSolution
		Debug|Any CPU = Debug|Any CPU
		Release|Any CPU = Release|Any CPU
	EndGlobalSection
	GlobalSection(ProjectConfigurationPlatforms) = postSolution
		{FC608910-79E5-4075-8873-C0D23F37148C}.Debug|Any CPU.ActiveCfg = Debug|Any CPU
		{FC608910-79E5-4075-8873-C0D23F37148C}.Debug|Any CPU.Build.0 = Debug|Any CPU
		{FC608910-79E5-4075-8873-C0D23F37148C}.Release|Any CPU.ActiveCfg = Release|Any CPU
		{FC608910-79E5-4075-8873-C0D23F37148C}.Release|Any CPU.Build.0 = Release|Any CPU
	EndGlobalSection
	GlobalSection(SolutionProperties) = preSolution
		HideSolutionNode = FALSE
	EndGlobalSection
	GlobalSection(ExtensibilityGlobals) = postSolution
		SolutionGuid = {EBA4EB98-0685-493E-989E-06DF07D15614}
	EndGlobalSection
EndGlobal
