
Microsoft Visual Studio Solution File, Format Version 12.00
# Visual Studio 15
VisualStudioVersion = 15.0.27703.2026
MinimumVisualStudioVersion = 10.0.40219.1
Project("{FAE04EC0-301F-11D3-BF4B-00C04F79EFBC}") = "07.Canvas", "07.Canvas\07.Canvas.csproj", "{B199B9F3-17E3-4D1F-809C-128F4649CD03}"
EndProject
Global
	GlobalSection(SolutionConfigurationPlatforms) = preSolution
		Debug|Any CPU = Debug|Any CPU
		Release|Any CPU = Release|Any CPU
	EndGlobalSection
	GlobalSection(ProjectConfigurationPlatforms) = postSolution
		{B199B9F3-17E3-4D1F-809C-128F4649CD03}.Debug|Any CPU.ActiveCfg = Debug|Any CPU
		{B199B9F3-17E3-4D1F-809C-128F4649CD03}.Debug|Any CPU.Build.0 = Debug|Any CPU
		{B199B9F3-17E3-4D1F-809C-128F4649CD03}.Release|Any CPU.ActiveCfg = Release|Any CPU
		{B199B9F3-17E3-4D1F-809C-128F4649CD03}.Release|Any CPU.Build.0 = Release|Any CPU
	EndGlobalSection
	GlobalSection(SolutionProperties) = preSolution
		HideSolutionNode = FALSE
	EndGlobalSection
	GlobalSection(ExtensibilityGlobals) = postSolution
		SolutionGuid = {3A3EFFA7-664D-41F9-94B7-4CC8FD0A4305}
	EndGlobalSection
EndGlobal
