
Microsoft Visual Studio Solution File, Format Version 12.00
# Visual Studio 15
VisualStudioVersion = 15.0.27703.2026
MinimumVisualStudioVersion = 10.0.40219.1
Project("{FAE04EC0-301F-11D3-BF4B-00C04F79EFBC}") = "14.ListBox", "14.ListBox\14.ListBox.csproj", "{DF1684B1-2AA4-4E6B-9FBE-538D4084C2DF}"
EndProject
Global
	GlobalSection(SolutionConfigurationPlatforms) = preSolution
		Debug|Any CPU = Debug|Any CPU
		Release|Any CPU = Release|Any CPU
	EndGlobalSection
	GlobalSection(ProjectConfigurationPlatforms) = postSolution
		{DF1684B1-2AA4-4E6B-9FBE-538D4084C2DF}.Debug|Any CPU.ActiveCfg = Debug|Any CPU
		{DF1684B1-2AA4-4E6B-9FBE-538D4084C2DF}.Debug|Any CPU.Build.0 = Debug|Any CPU
		{DF1684B1-2AA4-4E6B-9FBE-538D4084C2DF}.Release|Any CPU.ActiveCfg = Release|Any CPU
		{DF1684B1-2AA4-4E6B-9FBE-538D4084C2DF}.Release|Any CPU.Build.0 = Release|Any CPU
	EndGlobalSection
	GlobalSection(SolutionProperties) = preSolution
		HideSolutionNode = FALSE
	EndGlobalSection
	GlobalSection(ExtensibilityGlobals) = postSolution
		SolutionGuid = {E45BC45D-FAB7-48E6-A41B-6D568A408DF1}
	EndGlobalSection
EndGlobal
